
Microsoft Visual Studio Solution File, Format Version 12.00
# Visual Studio Version 17
VisualStudioVersion = 17.5.002.0
MinimumVisualStudioVersion = 10.0.40219.1
Project("{9A19103F-16F7-4668-BE54-9A1E7A4F7556}") = "Application", "Application\Application.csproj", "{1BFBCC57-2500-4FFA-BAD8-F295270E9454}"
EndProject
Project("{9A19103F-16F7-4668-BE54-9A1E7A4F7556}") = "Domain", "Domain\Domain.csproj", "{83C9AEB3-87BE-4538-8B20-54685DB3380C}"
EndProject
Project("{9A19103F-16F7-4668-BE54-9A1E7A4F7556}") = "Infrastructure", "Infrastructure\Infrastructure.csproj", "{110DBFD8-D078-4D72-B498-1DB02D1BA71A}"
EndProject
Project("{9A19103F-16F7-4668-BE54-9A1E7A4F7556}") = "Web", "Web\Web.csproj", "{71B6D227-6C99-4145-A5B2-537092FCC422}"
EndProject
Global
	GlobalSection(SolutionConfigurationPlatforms) = preSolution
		Debug|Any CPU = Debug|Any CPU
		Release|Any CPU = Release|Any CPU
	EndGlobalSection
	GlobalSection(ProjectConfigurationPlatforms) = postSolution
		{1BFBCC57-2500-4FFA-BAD8-F295270E9454}.Debug|Any CPU.ActiveCfg = Debug|Any CPU
		{1BFBCC57-2500-4FFA-BAD8-F295270E9454}.Debug|Any CPU.Build.0 = Debug|Any CPU
		{1BFBCC57-2500-4FFA-BAD8-F295270E9454}.Release|Any CPU.ActiveCfg = Release|Any CPU
		{1BFBCC57-2500-4FFA-BAD8-F295270E9454}.Release|Any CPU.Build.0 = Release|Any CPU
		{83C9AEB3-87BE-4538-8B20-54685DB3380C}.Debug|Any CPU.ActiveCfg = Debug|Any CPU
		{83C9AEB3-87BE-4538-8B20-54685DB3380C}.Debug|Any CPU.Build.0 = Debug|Any CPU
		{83C9AEB3-87BE-4538-8B20-54685DB3380C}.Release|Any CPU.ActiveCfg = Release|Any CPU
		{83C9AEB3-87BE-4538-8B20-54685DB3380C}.Release|Any CPU.Build.0 = Release|Any CPU
		{110DBFD8-D078-4D72-B498-1DB02D1BA71A}.Debug|Any CPU.ActiveCfg = Debug|Any CPU
		{110DBFD8-D078-4D72-B498-1DB02D1BA71A}.Debug|Any CPU.Build.0 = Debug|Any CPU
		{110DBFD8-D078-4D72-B498-1DB02D1BA71A}.Release|Any CPU.ActiveCfg = Release|Any CPU
		{110DBFD8-D078-4D72-B498-1DB02D1BA71A}.Release|Any CPU.Build.0 = Release|Any CPU
		{71B6D227-6C99-4145-A5B2-537092FCC422}.Debug|Any CPU.ActiveCfg = Debug|Any CPU
		{71B6D227-6C99-4145-A5B2-537092FCC422}.Debug|Any CPU.Build.0 = Debug|Any CPU
		{71B6D227-6C99-4145-A5B2-537092FCC422}.Release|Any CPU.ActiveCfg = Release|Any CPU
		{71B6D227-6C99-4145-A5B2-537092FCC422}.Release|Any CPU.Build.0 = Release|Any CPU
	EndGlobalSection
	GlobalSection(SolutionProperties) = preSolution
		HideSolutionNode = FALSE
	EndGlobalSection
	GlobalSection(ExtensibilityGlobals) = postSolution
		SolutionGuid = {9B1E2256-C419-41E5-A160-1D7B323A2EE8}
	EndGlobalSection
EndGlobal
